
Microsoft Visual Studio Solution File, Format Version 12.00
# Visual Studio Version 17
VisualStudioVersion = 17.0.32112.339
MinimumVisualStudioVersion = 10.0.40219.1
Project("{FAE04EC0-301F-11D3-BF4B-00C04F79EFBC}") = "ConsoleApp1", "ConsoleApp1\ConsoleApp1.csproj", "{83E3A1B6-2349-46BA-90D1-918FEC064A7C}"
EndProject
Global
	GlobalSection(SolutionConfigurationPlatforms) = preSolution
		Debug|Any CPU = Debug|Any CPU
		Release|Any CPU = Release|Any CPU
	EndGlobalSection
	GlobalSection(ProjectConfigurationPlatforms) = postSolution
		{83E3A1B6-2349-46BA-90D1-918FEC064A7C}.Debug|Any CPU.ActiveCfg = Debug|Any CPU
		{83E3A1B6-2349-46BA-90D1-918FEC064A7C}.Debug|Any CPU.Build.0 = Debug|Any CPU
		{83E3A1B6-2349-46BA-90D1-918FEC064A7C}.Release|Any CPU.ActiveCfg = Release|Any CPU
		{83E3A1B6-2349-46BA-90D1-918FEC064A7C}.Release|Any CPU.Build.0 = Release|Any CPU
	EndGlobalSection
	GlobalSection(SolutionProperties) = preSolution
		HideSolutionNode = FALSE
	EndGlobalSection
	GlobalSection(ExtensibilityGlobals) = postSolution
		SolutionGuid = {F206FDB0-AD56-417E-A718-91152BCCAD93}
	EndGlobalSection
EndGlobal
